
Microsoft Visual Studio Solution File, Format Version 12.00
# Visual Studio Version 17
VisualStudioVersion = 17.11.35303.130
MinimumVisualStudioVersion = 10.0.40219.1
Project("{FAE04EC0-301F-11D3-BF4B-00C04F79EFBC}") = "BouncingWindow", "BouncingWindow\BouncingWindow.csproj", "{C11BD0ED-88DF-451C-AB60-92FDC3FEA102}"
EndProject
Global
	GlobalSection(SolutionConfigurationPlatforms) = preSolution
		Debug|Any CPU = Debug|Any CPU
		Release|Any CPU = Release|Any CPU
	EndGlobalSection
	GlobalSection(ProjectConfigurationPlatforms) = postSolution
		{C11BD0ED-88DF-451C-AB60-92FDC3FEA102}.Debug|Any CPU.ActiveCfg = Debug|Any CPU
		{C11BD0ED-88DF-451C-AB60-92FDC3FEA102}.Debug|Any CPU.Build.0 = Debug|Any CPU
		{C11BD0ED-88DF-451C-AB60-92FDC3FEA102}.Release|Any CPU.ActiveCfg = Release|Any CPU
		{C11BD0ED-88DF-451C-AB60-92FDC3FEA102}.Release|Any CPU.Build.0 = Release|Any CPU
	EndGlobalSection
	GlobalSection(SolutionProperties) = preSolution
		HideSolutionNode = FALSE
	EndGlobalSection
	GlobalSection(ExtensibilityGlobals) = postSolution
		SolutionGuid = {3754F00C-A130-457C-953F-CEBDDB9D460F}
	EndGlobalSection
EndGlobal
